# This file is automatically @generated by Poetry 1.8.2 and should not be changed by hand.

[[package]]
name = "hexlet-immutable-fs-trees"
version = "0.1.8"
description = "File System Tree"
optional = false
python-versions = ">=3.6,<4.0"
files = [
    {file = "hexlet-immutable-fs-trees-0.1.8.tar.gz", hash = "sha256:250159064cf2ce3e7da4a8dbe8527ccdef1ebd63c9a6f9e66606736d4dc40dc0"},
    {file = "hexlet_immutable_fs_trees-0.1.8-py3-none-any.whl", hash = "sha256:3a4d8afc2c2d17406c0f036fd9ffe200a4c0099bad74acfca74682169d4ca1d7"},
]

[metadata]
lock-version = "2.0"
python-versions = "^3.6"
content-hash = "2e862177264664e3ae3cf115511c06bf0d14454e9fc351d1abe6fef4feb488d7"
